
Microsoft Visual Studio Solution File, Format Version 12.00
# Visual Studio Express 14 for Windows Desktop
VisualStudioVersion = 14.0.23107.0
MinimumVisualStudioVersion = 10.0.40219.1
Project("{FAE04EC0-301F-11D3-BF4B-00C04F79EFBC}") = "二十一點遊戲", "二十一點遊戲\二十一點遊戲.csproj", "{5201FDF6-6641-4A28-87E9-BFCDBE2B23FF}"
EndProject
Global
	GlobalSection(SolutionConfigurationPlatforms) = preSolution
		Debug|Any CPU = Debug|Any CPU
		Release|Any CPU = Release|Any CPU
	EndGlobalSection
	GlobalSection(ProjectConfigurationPlatforms) = postSolution
		{5201FDF6-6641-4A28-87E9-BFCDBE2B23FF}.Debug|Any CPU.ActiveCfg = Debug|Any CPU
		{5201FDF6-6641-4A28-87E9-BFCDBE2B23FF}.Debug|Any CPU.Build.0 = Debug|Any CPU
		{5201FDF6-6641-4A28-87E9-BFCDBE2B23FF}.Release|Any CPU.ActiveCfg = Release|Any CPU
		{5201FDF6-6641-4A28-87E9-BFCDBE2B23FF}.Release|Any CPU.Build.0 = Release|Any CPU
	EndGlobalSection
	GlobalSection(SolutionProperties) = preSolution
		HideSolutionNode = FALSE
	EndGlobalSection
EndGlobal
